
Microsoft Visual Studio Solution File, Format Version 12.00
# Visual Studio Version 17
VisualStudioVersion = 17.13.35806.99 d17.13
MinimumVisualStudioVersion = 10.0.40219.1
Project("{FAE04EC0-301F-11D3-BF4B-00C04F79EFBC}") = "LyricSync.Desktop", "LyricSync.Desktop.csproj", "{D90D78A7-C441-4500-9264-C888634D93AA}"
EndProject
Global
	GlobalSection(SolutionConfigurationPlatforms) = preSolution
		Debug|Any CPU = Debug|Any CPU
		Release|Any CPU = Release|Any CPU
	EndGlobalSection
	GlobalSection(ProjectConfigurationPlatforms) = postSolution
		{D90D78A7-C441-4500-9264-C888634D93AA}.Debug|Any CPU.ActiveCfg = Debug|Any CPU
		{D90D78A7-C441-4500-9264-C888634D93AA}.Debug|Any CPU.Build.0 = Debug|Any CPU
		{D90D78A7-C441-4500-9264-C888634D93AA}.Release|Any CPU.ActiveCfg = Release|Any CPU
		{D90D78A7-C441-4500-9264-C888634D93AA}.Release|Any CPU.Build.0 = Release|Any CPU
	EndGlobalSection
	GlobalSection(SolutionProperties) = preSolution
		HideSolutionNode = FALSE
	EndGlobalSection
	GlobalSection(ExtensibilityGlobals) = postSolution
		SolutionGuid = {887CF7C6-96D4-43E6-9D93-D475460433BF}
	EndGlobalSection
EndGlobal
